
Microsoft Visual Studio Solution File, Format Version 12.00
# Visual Studio Version 17
VisualStudioVersion = 17.5.33516.290
MinimumVisualStudioVersion = 10.0.40219.1
Project("{FAE04EC0-301F-11D3-BF4B-00C04F79EFBC}") = "MHXYBox", "MHXYBox.csproj", "{8A0DB6BB-EDDD-464E-9293-C17B8CBBA905}"
EndProject
Global
	GlobalSection(SolutionConfigurationPlatforms) = preSolution
		Debug|Any CPU = Debug|Any CPU
		Release|Any CPU = Release|Any CPU
	EndGlobalSection
	GlobalSection(ProjectConfigurationPlatforms) = postSolution
		{8A0DB6BB-EDDD-464E-9293-C17B8CBBA905}.Debug|Any CPU.ActiveCfg = Debug|Any CPU
		{8A0DB6BB-EDDD-464E-9293-C17B8CBBA905}.Debug|Any CPU.Build.0 = Debug|Any CPU
		{8A0DB6BB-EDDD-464E-9293-C17B8CBBA905}.Release|Any CPU.ActiveCfg = Release|Any CPU
		{8A0DB6BB-EDDD-464E-9293-C17B8CBBA905}.Release|Any CPU.Build.0 = Release|Any CPU
	EndGlobalSection
	GlobalSection(SolutionProperties) = preSolution
		HideSolutionNode = FALSE
	EndGlobalSection
	GlobalSection(ExtensibilityGlobals) = postSolution
		SolutionGuid = {DA82834B-49B8-4742-A768-9DCA1FF4E352}
	EndGlobalSection
EndGlobal
